// !$*UTF8*$!
{
	archiveVersion = 1;
	classes = {
	};
	objectVersion = 50;
	objects = {

/* Begin PBXBuildFile section */
		ACBB47E225221B8C0094C23C /* AppDelegate.m in Sources */ = {isa = PBXBuildFile; fileRef = ACBB47E125221B8C0094C23C /* AppDelegate.m */; };
		ACBB47E525221B8C0094C23C /* SceneDelegate.m in Sources */ = {isa = PBXBuildFile; fileRef = ACBB47E425221B8C0094C23C /* SceneDelegate.m */; };
		ACBB47E825221B8C0094C23C /* ViewController.m in Sources */ = {isa = PBXBuildFile; fileRef = ACBB47E725221B8C0094C23C /* ViewController.m */; };
		ACBB47EB25221B8C0094C23C /* Main.storyboard in Resources */ = {isa = PBXBuildFile; fileRef = ACBB47E925221B8C0094C23C /* Main.storyboard */; };
		ACBB47ED25221B900094C23C /* Assets.xcassets in Resources */ = {isa = PBXBuildFile; fileRef = ACBB47EC25221B900094C23C /* Assets.xcassets */; };
		ACBB47F025221B900094C23C /* LaunchScreen.storyboard in Resources */ = {isa = PBXBuildFile; fileRef = ACBB47EE25221B900094C23C /* LaunchScreen.storyboard */; };
		ACBB47F325221B900094C23C /* main.m in Sources */ = {isa = PBXBuildFile; fileRef = ACBB47F225221B900094C23C /* main.m */; };
/* End PBXBuildFile section */

/* Begin PBXFileReference section */
		ACBB47DD25221B8C0094C23C /* Http.app */ = {isa = PBXFileReference; explicitFileType = wrapper.application; includeInIndex = 0; path = Http.app; sourceTree = BUILT_PRODUCTS_DIR; };
		ACBB47E025221B8C0094C23C /* AppDelegate.h */ = {isa = PBXFileReference; lastKnownFileType = sourcecode.c.h; path = AppDelegate.h; sourceTree = "<group>"; };
		ACBB47E125221B8C0094C23C /* AppDelegate.m */ = {isa = PBXFileReference; lastKnownFileType = sourcecode.c.objc; path = AppDelegate.m; sourceTree = "<group>"; };
		ACBB47E325221B8C0094C23C /* SceneDelegate.h */ = {isa = PBXFileReference; lastKnownFileType = sourcecode.c.h; path = SceneDelegate.h; sourceTree = "<group>"; };
		ACBB47E425221B8C0094C23C /* SceneDelegate.m */ = {isa = PBXFileReference; lastKnownFileType = sourcecode.c.objc; path = SceneDelegate.m; sourceTree = "<group>"; };
		ACBB47E625221B8C0094C23C /* ViewController.h */ = {isa = PBXFileReference; lastKnownFileType = sourcecode.c.h; path = ViewController.h; sourceTree = "<group>"; };
		ACBB47E725221B8C0094C23C /* ViewController.m */ = {isa = PBXFileReference; lastKnownFileType = sourcecode.c.objc; path = ViewController.m; sourceTree = "<group>"; };
		ACBB47EA25221B8C0094C23C /* Base */ = {isa = PBXFileReference; lastKnownFileType = file.storyboard; name = Base; path = Base.lproj/Main.storyboard; sourceTree = "<group>"; };
		ACBB47EC25221B900094C23C /* Assets.xcassets */ = {isa = PBXFileReference; lastKnownFileType = folder.assetcatalog; path = Assets.xcassets; sourceTree = "<group>"; };
		ACBB47EF25221B900094C23C /* Base */ = {isa = PBXFileReference; lastKnownFileType = file.storyboard; name = Base; path = Base.lproj/LaunchScreen.storyboard; sourceTree = "<group>"; };
		ACBB47F125221B900094C23C /* Info.plist */ = {isa = PBXFileReference; lastKnownFileType = text.plist.xml; path = Info.plist; sourceTree = "<group>"; };
		ACBB47F225221B900094C23C /* main.m */ = {isa = PBXFileReference; lastKnownFileType = sourcecode.c.objc; path = main.m; sourceTree = "<group>"; };
/* End PBXFileReference section */

/* Begin PBXFrameworksBuildPhase section */
		ACBB47DA25221B8C0094C23C /* Frameworks */ = {
			isa = PBXFrameworksBuildPhase;
			buildActionMask = 2147483647;
			files = (
			);
			runOnlyForDeploymentPostprocessing = 0;
		};
/* End PBXFrameworksBuildPhase section */

/* Begin PBXGroup section */
		ACBB47D425221B8C0094C23C = {
			isa = PBXGroup;
			children = (
				ACBB47DF25221B8C0094C23C /* Http */,
				ACBB47DE25221B8C0094C23C /* Products */,
			);
			sourceTree = "<group>";
		};
		ACBB47DE25221B8C0094C23C /* Products */ = {
			isa = PBXGroup;
			children = (
				ACBB47DD25221B8C0094C23C /* Http.app */,
			);
			name = Products;
			sourceTree = "<group>";
		};
		ACBB47DF25221B8C0094C23C /* Http */ = {
			isa = PBXGroup;
			children = (
				ACBB47E025221B8C0094C23C /* AppDelegate.h */,
				ACBB47E125221B8C0094C23C /* AppDelegate.m */,
				ACBB47E325221B8C0094C23C /* SceneDelegate.h */,
				ACBB47E425221B8C0094C23C /* SceneDelegate.m */,
				ACBB47E625221B8C0094C23C /* ViewController.h */,
				ACBB47E725221B8C0094C23C /* ViewController.m */,
				ACBB47E925221B8C0094C23C /* Main.storyboard */,
				ACBB47EC25221B900094C23C /* Assets.xcassets */,
				ACBB47EE25221B900094C23C /* LaunchScreen.storyboard */,
				ACBB47F125221B900094C23C /* Info.plist */,
				ACBB47F225221B900094C23C /* main.m */,
			);
			path = Http;
			sourceTree = "<group>";
		};
/* End PBXGroup section */

/* Begin PBXNativeTarget section */
		ACBB47DC25221B8C0094C23C /* Http */ = {
			isa = PBXNativeTarget;
			buildConfigurationList = ACBB47F625221B900094C23C /* Build configuration list for PBXNativeTarget "Http" */;
			buildPhases = (
				ACBB47D925221B8C0094C23C /* Sources */,
				ACBB47DA25221B8C0094C23C /* Frameworks */,
				ACBB47DB25221B8C0094C23C /* Resources */,
			);
			buildRules = (
			);
			dependencies = (
			);
			name = Http;
			productName = Http;
			productReference = ACBB47DD25221B8C0094C23C /* Http.app */;
			productType = "com.apple.product-type.application";
		};
/* End PBXNativeTarget section */

/* Begin PBXProject section */
		ACBB47D525221B8C0094C23C /* Project object */ = {
			isa = PBXProject;
			attributes = {
				LastUpgradeCheck = 1170;
				ORGANIZATIONNAME = HaoHuoBan;
				TargetAttributes = {
					ACBB47DC25221B8C0094C23C = {
						CreatedOnToolsVersion = 11.7;
					};
				};
			};
			buildConfigurationList = ACBB47D825221B8C0094C23C /* Build configuration list for PBXProject "Http" */;
			compatibilityVersion = "Xcode 9.3";
			developmentRegion = en;
			hasScannedForEncodings = 0;
			knownRegions = (
				en,
				Base,
			);
			mainGroup = ACBB47D425221B8C0094C23C;
			productRefGroup = ACBB47DE25221B8C0094C23C /* Products */;
			projectDirPath = "";
			projectRoot = "";
			targets = (
				ACBB47DC25221B8C0094C23C /* Http */,
			);
		};
/* End PBXProject section */

/* Begin PBXResourcesBuildPhase section */
		ACBB47DB25221B8C0094C23C /* Resources */ = {
			isa = PBXResourcesBuildPhase;
			buildActionMask = 2147483647;
			files = (
				ACBB47F025221B900094C23C /* LaunchScreen.storyboard in Resources */,
				ACBB47ED25221B900094C23C /* Assets.xcassets in Resources */,
				ACBB47EB25221B8C0094C23C /* Main.storyboard in Resources */,
			);
			runOnlyForDeploymentPostprocessing = 0;
		};
/* End PBXResourcesBuildPhase section */

/* Begin PBXSourcesBuildPhase section */
		ACBB47D925221B8C0094C23C /* Sources */ = {
			isa = PBXSourcesBuildPhase;
			buildActionMask = 2147483647;
			files = (
				ACBB47E825221B8C0094C23C /* ViewController.m in Sources */,
				ACBB47E225221B8C0094C23C /* AppDelegate.m in Sources */,
				ACBB47F325221B900094C23C /* main.m in Sources */,
				ACBB47E525221B8C0094C23C /* SceneDelegate.m in Sources */,
			);
			runOnlyForDeploymentPostprocessing = 0;
		};
/* End PBXSourcesBuildPhase section */

/* Begin PBXVariantGroup section */
		ACBB47E925221B8C0094C23C /* Main.storyboard */ = {
			isa = PBXVariantGroup;
			children = (
				ACBB47EA25221B8C0094C23C /* Base */,
			);
			name = Main.storyboard;
			sourceTree = "<group>";
		};
		ACBB47EE25221B900094C23C /* LaunchScreen.storyboard */ = {
			isa = PBXVariantGroup;
			children = (
				ACBB47EF25221B900094C23C /* Base */,
			);
			name = LaunchScreen.storyboard;
			sourceTree = "<group>";
		};
/* End PBXVariantGroup section */

/* Begin XCBuildConfiguration section */
		ACBB47F425221B900094C23C /* Debug */ = {
			isa = XCBuildConfiguration;
			buildSettings = {
				ALWAYS_SEARCH_USER_PATHS = NO;
				CLANG_ANALYZER_NONNULL = YES;
				CLANG_ANALYZER_NUMBER_OBJECT_CONVERSION = YES_AGGRESSIVE;
				CLANG_CXX_LANGUAGE_STANDARD = "gnu++14";
				CLANG_CXX_LIBRARY = "libc++";
				CLANG_ENABLE_MODULES = YES;
				CLANG_ENABLE_OBJC_ARC = YES;
				CLANG_ENABLE_OBJC_WEAK = YES;
				CLANG_WARN_BLOCK_CAPTURE_AUTORELEASING = YES;
				CLANG_WARN_BOOL_CONVERSION = YES;
				CLANG_WARN_COMMA = YES;
				CLANG_WARN_CONSTANT_CONVERSION = YES;
				CLANG_WARN_DEPRECATED_OBJC_IMPLEMENTATIONS = YES;
				CLANG_WARN_DIRECT_OBJC_ISA_USAGE = YES_ERROR;
				CLANG_WARN_DOCUMENTATION_COMMENTS = YES;
				CLANG_WARN_EMPTY_BODY = YES;
				CLANG_WARN_ENUM_CONVERSION = YES;
				CLANG_WARN_INFINITE_RECURSION = YES;
				CLANG_WARN_INT_CONVERSION = YES;
				CLANG_WARN_NON_LITERAL_NULL_CONVERSION = YES;
				CLANG_WARN_OBJC_IMPLICIT_RETAIN_SELF = YES;
				CLANG_WARN_OBJC_LITERAL_CONVERSION = YES;
				CLANG_WARN_OBJC_ROOT_CLASS = YES_ERROR;
				CLANG_WARN_RANGE_LOOP_ANALYSIS = YES;
				CLANG_WARN_STRICT_PROTOTYPES = YES;
				CLANG_WARN_SUSPICIOUS_MOVE = YES;
				CLANG_WARN_UNGUARDED_AVAILABILITY = YES_AGGRESSIVE;
				CLANG_WARN_UNREACHABLE_CODE = YES;
				CLANG_WARN__DUPLICATE_METHOD_MATCH = YES;
				COPY_PHASE_STRIP = NO;
				DEBUG_INFORMATION_FORMAT = dwarf;
				ENABLE_STRICT_OBJC_MSGSEND = YES;
				ENABLE_TESTABILITY = YES;
				GCC_C_LANGUAGE_STANDARD = gnu11;
				GCC_DYNAMIC_NO_PIC = NO;
				GCC_NO_COMMON_BLOCKS = YES;
				GCC_OPTIMIZATION_LEVEL = 0;
				GCC_PREPROCESSOR_DEFINITIONS = (
					"DEBUG=1",
					"$(inherited)",
				);
				GCC_WARN_64_TO_32_BIT_CONVERSION = YES;
				GCC_WARN_ABOUT_RETURN_TYPE = YES_ERROR;
				GCC_WARN_UNDECLARED_SELECTOR = YES;
				GCC_WARN_UNINITIALIZED_AUTOS = YES_AGGRESSIVE;
				GCC_WARN_UNUSED_FUNCTION = YES;
				GCC_WARN_UNUSED_VARIABLE = YES;
				IPHONEOS_DEPLOYMENT_TARGET = 13.7;
				MTL_ENABLE_DEBUG_INFO = INCLUDE_SOURCE;
				MTL_FAST_MATH = YES;
				ONLY_ACTIVE_ARCH = YES;
				SDKROOT = iphoneos;
			};
			name = Debug;
		};
		ACBB47F525221B900094C23C /* Release */ = {
			isa = XCBuildConfiguration;
			buildSettings = {
				ALWAYS_SEARCH_USER_PATHS = NO;
				CLANG_ANALYZER_NONNULL = YES;
				CLANG_ANALYZER_NUMBER_OBJECT_CONVERSION = YES_AGGRESSIVE;
				CLANG_CXX_LANGUAGE_STANDARD = "gnu++14";
				CLANG_CXX_LIBRARY = "libc++";
				CLANG_ENABLE_MODULES = YES;
				CLANG_ENABLE_OBJC_ARC = YES;
				CLANG_ENABLE_OBJC_WEAK = YES;
				CLANG_WARN_BLOCK_CAPTURE_AUTORELEASING = YES;
				CLANG_WARN_BOOL_CONVERSION = YES;
				CLANG_WARN_COMMA = YES;
				CLANG_WARN_CONSTANT_CONVERSION = YES;
				CLANG_WARN_DEPRECATED_OBJC_IMPLEMENTATIONS = YES;
				CLANG_WARN_DIRECT_OBJC_ISA_USAGE = YES_ERROR;
				CLANG_WARN_DOCUMENTATION_COMMENTS = YES;
				CLANG_WARN_EMPTY_BODY = YES;
				CLANG_WARN_ENUM_CONVERSION = YES;
				CLANG_WARN_INFINITE_RECURSION = YES;
				CLANG_WARN_INT_CONVERSION = YES;
				CLANG_WARN_NON_LITERAL_NULL_CONVERSION = YES;
				CLANG_WARN_OBJC_IMPLICIT_RETAIN_SELF = YES;
				CLANG_WARN_OBJC_LITERAL_CONVERSION = YES;
				CLANG_WARN_OBJC_ROOT_CLASS = YES_ERROR;
				CLANG_WARN_RANGE_LOOP_ANALYSIS = YES;
				CLANG_WARN_STRICT_PROTOTYPES = YES;
				CLANG_WARN_SUSPICIOUS_MOVE = YES;
				CLANG_WARN_UNGUARDED_AVAILABILITY = YES_AGGRESSIVE;
				CLANG_WARN_UNREACHABLE_CODE = YES;
				CLANG_WARN__DUPLICATE_METHOD_MATCH = YES;
				COPY_PHASE_STRIP = NO;
				DEBUG_INFORMATION_FORMAT = "dwarf-with-dsym";
				ENABLE_NS_ASSERTIONS = NO;
				ENABLE_STRICT_OBJC_MSGSEND = YES;
				GCC_C_LANGUAGE_STANDARD = gnu11;
				GCC_NO_COMMON_BLOCKS = YES;
				GCC_WARN_64_TO_32_BIT_CONVERSION = YES;
				GCC_WARN_ABOUT_RETURN_TYPE = YES_ERROR;
				GCC_WARN_UNDECLARED_SELECTOR = YES;
				GCC_WARN_UNINITIALIZED_AUTOS = YES_AGGRESSIVE;
				GCC_WARN_UNUSED_FUNCTION = YES;
				GCC_WARN_UNUSED_VARIABLE = YES;
				IPHONEOS_DEPLOYMENT_TARGET = 13.7;
				MTL_ENABLE_DEBUG_INFO = NO;
				MTL_FAST_MATH = YES;
				SDKROOT = iphoneos;
				VALIDATE_PRODUCT = YES;
			};
			name = Release;
		};
		ACBB47F725221B900094C23C /* Debug */ = {
			isa = XCBuildConfiguration;
			buildSettings = {
				ASSETCATALOG_COMPILER_APPICON_NAME = AppIcon;
				CODE_SIGN_STYLE = Automatic;
				INFOPLIST_FILE = Http/Info.plist;
				LD_RUNPATH_SEARCH_PATHS = (
					"$(inherited)",
					"@executable_path/Frameworks",
				);
				PRODUCT_BUNDLE_IDENTIFIER = network.Http;
				PRODUCT_NAME = "$(TARGET_NAME)";
				TARGETED_DEVICE_FAMILY = "1,2";
			};
			name = Debug;
		};
		ACBB47F825221B900094C23C /* Release */ = {
			isa = XCBuildConfiguration;
			buildSettings = {
				ASSETCATALOG_COMPILER_APPICON_NAME = AppIcon;
				CODE_SIGN_STYLE = Automatic;
				INFOPLIST_FILE = Http/Info.plist;
				LD_RUNPATH_SEARCH_PATHS = (
					"$(inherited)",
					"@executable_path/Frameworks",
				);
				PRODUCT_BUNDLE_IDENTIFIER = network.Http;
				PRODUCT_NAME = "$(TARGET_NAME)";
				TARGETED_DEVICE_FAMILY = "1,2";
			};
			name = Release;
		};
/* End XCBuildConfiguration section */

/* Begin XCConfigurationList section */
		ACBB47D825221B8C0094C23C /* Build configuration list for PBXProject "Http" */ = {
			isa = XCConfigurationList;
			buildConfigurations = (
				ACBB47F425221B900094C23C /* Debug */,
				ACBB47F525221B900094C23C /* Release */,
			);
			defaultConfigurationIsVisible = 0;
			defaultConfigurationName = Release;
		};
		ACBB47F625221B900094C23C /* Build configuration list for PBXNativeTarget "Http" */ = {
			isa = XCConfigurationList;
			buildConfigurations = (
				ACBB47F725221B900094C23C /* Debug */,
				ACBB47F825221B900094C23C /* Release */,
			);
			defaultConfigurationIsVisible = 0;
			defaultConfigurationName = Release;
		};
/* End XCConfigurationList section */
	};
	rootObject = ACBB47D525221B8C0094C23C /* Project object */;
}
